
Microsoft Visual Studio Solution File, Format Version 12.00
# Visual Studio Version 16
VisualStudioVersion = 16.0.29806.167
MinimumVisualStudioVersion = 10.0.40219.1
Project("{FAE04EC0-301F-11D3-BF4B-00C04F79EFBC}") = "Bovie.Android", "Bovie\Bovie.Android\Bovie.Android.csproj", "{0FC18EB9-A5D7-42C7-98B1-0BD0C41BEA15}"
EndProject
Project("{FAE04EC0-301F-11D3-BF4B-00C04F79EFBC}") = "Bovie.iOS", "Bovie\Bovie.iOS\Bovie.iOS.csproj", "{8CA3F256-AAF7-4BD5-A109-C6E0C9FAFE7E}"
EndProject
Project("{FAE04EC0-301F-11D3-BF4B-00C04F79EFBC}") = "Bovie", "Bovie\Bovie\Bovie.csproj", "{C54371F0-9A8C-445F-9237-EDAFF0B641CD}"
EndProject
Global
	GlobalSection(SolutionConfigurationPlatforms) = preSolution
		Debug|Any CPU = Debug|Any CPU
		Debug|iPhone = Debug|iPhone
		Debug|iPhoneSimulator = Debug|iPhoneSimulator
		Release|Any CPU = Release|Any CPU
		Release|iPhone = Release|iPhone
		Release|iPhoneSimulator = Release|iPhoneSimulator
	EndGlobalSection
	GlobalSection(ProjectConfigurationPlatforms) = postSolution
		{0FC18EB9-A5D7-42C7-98B1-0BD0C41BEA15}.Debug|Any CPU.ActiveCfg = Debug|Any CPU
		{0FC18EB9-A5D7-42C7-98B1-0BD0C41BEA15}.Debug|Any CPU.Build.0 = Debug|Any CPU
		{0FC18EB9-A5D7-42C7-98B1-0BD0C41BEA15}.Debug|Any CPU.Deploy.0 = Debug|Any CPU
		{0FC18EB9-A5D7-42C7-98B1-0BD0C41BEA15}.Debug|iPhone.ActiveCfg = Debug|Any CPU
		{0FC18EB9-A5D7-42C7-98B1-0BD0C41BEA15}.Debug|iPhone.Build.0 = Debug|Any CPU
		{0FC18EB9-A5D7-42C7-98B1-0BD0C41BEA15}.Debug|iPhone.Deploy.0 = Debug|Any CPU
		{0FC18EB9-A5D7-42C7-98B1-0BD0C41BEA15}.Debug|iPhoneSimulator.ActiveCfg = Debug|Any CPU
		{0FC18EB9-A5D7-42C7-98B1-0BD0C41BEA15}.Debug|iPhoneSimulator.Build.0 = Debug|Any CPU
		{0FC18EB9-A5D7-42C7-98B1-0BD0C41BEA15}.Debug|iPhoneSimulator.Deploy.0 = Debug|Any CPU
		{0FC18EB9-A5D7-42C7-98B1-0BD0C41BEA15}.Release|Any CPU.ActiveCfg = Release|Any CPU
		{0FC18EB9-A5D7-42C7-98B1-0BD0C41BEA15}.Release|Any CPU.Build.0 = Release|Any CPU
		{0FC18EB9-A5D7-42C7-98B1-0BD0C41BEA15}.Release|Any CPU.Deploy.0 = Release|Any CPU
		{0FC18EB9-A5D7-42C7-98B1-0BD0C41BEA15}.Release|iPhone.ActiveCfg = Release|Any CPU
		{0FC18EB9-A5D7-42C7-98B1-0BD0C41BEA15}.Release|iPhone.Build.0 = Release|Any CPU
		{0FC18EB9-A5D7-42C7-98B1-0BD0C41BEA15}.Release|iPhone.Deploy.0 = Release|Any CPU
		{0FC18EB9-A5D7-42C7-98B1-0BD0C41BEA15}.Release|iPhoneSimulator.ActiveCfg = Release|Any CPU
		{0FC18EB9-A5D7-42C7-98B1-0BD0C41BEA15}.Release|iPhoneSimulator.Build.0 = Release|Any CPU
		{0FC18EB9-A5D7-42C7-98B1-0BD0C41BEA15}.Release|iPhoneSimulator.Deploy.0 = Release|Any CPU
		{8CA3F256-AAF7-4BD5-A109-C6E0C9FAFE7E}.Debug|Any CPU.ActiveCfg = Debug|iPhoneSimulator
		{8CA3F256-AAF7-4BD5-A109-C6E0C9FAFE7E}.Debug|Any CPU.Build.0 = Debug|iPhoneSimulator
		{8CA3F256-AAF7-4BD5-A109-C6E0C9FAFE7E}.Debug|Any CPU.Deploy.0 = Debug|iPhoneSimulator
		{8CA3F256-AAF7-4BD5-A109-C6E0C9FAFE7E}.Debug|iPhone.ActiveCfg = Debug|iPhone
		{8CA3F256-AAF7-4BD5-A109-C6E0C9FAFE7E}.Debug|iPhone.Build.0 = Debug|iPhone
		{8CA3F256-AAF7-4BD5-A109-C6E0C9FAFE7E}.Debug|iPhone.Deploy.0 = Debug|iPhone
		{8CA3F256-AAF7-4BD5-A109-C6E0C9FAFE7E}.Debug|iPhoneSimulator.ActiveCfg = Debug|iPhoneSimulator
		{8CA3F256-AAF7-4BD5-A109-C6E0C9FAFE7E}.Debug|iPhoneSimulator.Build.0 = Debug|iPhoneSimulator
		{8CA3F256-AAF7-4BD5-A109-C6E0C9FAFE7E}.Debug|iPhoneSimulator.Deploy.0 = Debug|iPhoneSimulator
		{8CA3F256-AAF7-4BD5-A109-C6E0C9FAFE7E}.Release|Any CPU.ActiveCfg = Release|iPhone
		{8CA3F256-AAF7-4BD5-A109-C6E0C9FAFE7E}.Release|Any CPU.Build.0 = Release|iPhone
		{8CA3F256-AAF7-4BD5-A109-C6E0C9FAFE7E}.Release|Any CPU.Deploy.0 = Release|iPhone
		{8CA3F256-AAF7-4BD5-A109-C6E0C9FAFE7E}.Release|iPhone.ActiveCfg = Release|iPhone
		{8CA3F256-AAF7-4BD5-A109-C6E0C9FAFE7E}.Release|iPhone.Build.0 = Release|iPhone
		{8CA3F256-AAF7-4BD5-A109-C6E0C9FAFE7E}.Release|iPhone.Deploy.0 = Release|iPhone
		{8CA3F256-AAF7-4BD5-A109-C6E0C9FAFE7E}.Release|iPhoneSimulator.ActiveCfg = Release|iPhoneSimulator
		{8CA3F256-AAF7-4BD5-A109-C6E0C9FAFE7E}.Release|iPhoneSimulator.Build.0 = Release|iPhoneSimulator
		{8CA3F256-AAF7-4BD5-A109-C6E0C9FAFE7E}.Release|iPhoneSimulator.Deploy.0 = Release|iPhoneSimulator
		{C54371F0-9A8C-445F-9237-EDAFF0B641CD}.Debug|Any CPU.ActiveCfg = Debug|Any CPU
		{C54371F0-9A8C-445F-9237-EDAFF0B641CD}.Debug|Any CPU.Build.0 = Debug|Any CPU
		{C54371F0-9A8C-445F-9237-EDAFF0B641CD}.Debug|Any CPU.Deploy.0 = Debug|Any CPU
		{C54371F0-9A8C-445F-9237-EDAFF0B641CD}.Debug|iPhone.ActiveCfg = Debug|Any CPU
		{C54371F0-9A8C-445F-9237-EDAFF0B641CD}.Debug|iPhone.Build.0 = Debug|Any CPU
		{C54371F0-9A8C-445F-9237-EDAFF0B641CD}.Debug|iPhone.Deploy.0 = Debug|Any CPU
		{C54371F0-9A8C-445F-9237-EDAFF0B641CD}.Debug|iPhoneSimulator.ActiveCfg = Debug|Any CPU
		{C54371F0-9A8C-445F-9237-EDAFF0B641CD}.Debug|iPhoneSimulator.Build.0 = Debug|Any CPU
		{C54371F0-9A8C-445F-9237-EDAFF0B641CD}.Debug|iPhoneSimulator.Deploy.0 = Debug|Any CPU
		{C54371F0-9A8C-445F-9237-EDAFF0B641CD}.Release|Any CPU.ActiveCfg = Release|Any CPU
		{C54371F0-9A8C-445F-9237-EDAFF0B641CD}.Release|Any CPU.Build.0 = Release|Any CPU
		{C54371F0-9A8C-445F-9237-EDAFF0B641CD}.Release|Any CPU.Deploy.0 = Release|Any CPU
		{C54371F0-9A8C-445F-9237-EDAFF0B641CD}.Release|iPhone.ActiveCfg = Release|Any CPU
		{C54371F0-9A8C-445F-9237-EDAFF0B641CD}.Release|iPhone.Build.0 = Release|Any CPU
		{C54371F0-9A8C-445F-9237-EDAFF0B641CD}.Release|iPhone.Deploy.0 = Release|Any CPU
		{C54371F0-9A8C-445F-9237-EDAFF0B641CD}.Release|iPhoneSimulator.ActiveCfg = Release|Any CPU
		{C54371F0-9A8C-445F-9237-EDAFF0B641CD}.Release|iPhoneSimulator.Build.0 = Release|Any CPU
		{C54371F0-9A8C-445F-9237-EDAFF0B641CD}.Release|iPhoneSimulator.Deploy.0 = Release|Any CPU
	EndGlobalSection
	GlobalSection(SolutionProperties) = preSolution
		HideSolutionNode = FALSE
	EndGlobalSection
	GlobalSection(ExtensibilityGlobals) = postSolution
		SolutionGuid = {625ABA87-1F81-4A21-B655-150D4ADCD58A}
	EndGlobalSection
EndGlobal
